
Microsoft Visual Studio Solution File, Format Version 12.00
# Visual Studio 2013
VisualStudioVersion = 12.0.31101.0
MinimumVisualStudioVersion = 10.0.40219.1
Project("{FAE04EC0-301F-11D3-BF4B-00C04F79EFBC}") = "Orders.Data", "Orders.Data\Orders.Data.csproj", "{A52F4EE7-AF8A-479E-8615-18999CA3BDB7}"
EndProject
Project("{FAE04EC0-301F-11D3-BF4B-00C04F79EFBC}") = "Orders.DataGenerator", "Orders.DataGenerator\Orders.DataGenerator.csproj", "{B31680DF-545B-4D04-8AB8-09E34D529482}"
EndProject
Global
	GlobalSection(SolutionConfigurationPlatforms) = preSolution
		Debug|Any CPU = Debug|Any CPU
		Release|Any CPU = Release|Any CPU
	EndGlobalSection
	GlobalSection(ProjectConfigurationPlatforms) = postSolution
		{A52F4EE7-AF8A-479E-8615-18999CA3BDB7}.Debug|Any CPU.ActiveCfg = Debug|Any CPU
		{A52F4EE7-AF8A-479E-8615-18999CA3BDB7}.Debug|Any CPU.Build.0 = Debug|Any CPU
		{A52F4EE7-AF8A-479E-8615-18999CA3BDB7}.Release|Any CPU.ActiveCfg = Release|Any CPU
		{A52F4EE7-AF8A-479E-8615-18999CA3BDB7}.Release|Any CPU.Build.0 = Release|Any CPU
		{B31680DF-545B-4D04-8AB8-09E34D529482}.Debug|Any CPU.ActiveCfg = Debug|Any CPU
		{B31680DF-545B-4D04-8AB8-09E34D529482}.Debug|Any CPU.Build.0 = Debug|Any CPU
		{B31680DF-545B-4D04-8AB8-09E34D529482}.Release|Any CPU.ActiveCfg = Release|Any CPU
		{B31680DF-545B-4D04-8AB8-09E34D529482}.Release|Any CPU.Build.0 = Release|Any CPU
	EndGlobalSection
	GlobalSection(SolutionProperties) = preSolution
		HideSolutionNode = FALSE
	EndGlobalSection
EndGlobal
