
Microsoft Visual Studio Solution File, Format Version 12.00
# Visual Studio 2013
VisualStudioVersion = 12.0.31101.0
MinimumVisualStudioVersion = 10.0.40219.1
Project("{FAE04EC0-301F-11D3-BF4B-00C04F79EFBC}") = "Application.Web", "Application.Web\Application.Web.csproj", "{7CA22785-5B7A-46EA-8A05-18ADF633C233}"
EndProject
Project("{FAE04EC0-301F-11D3-BF4B-00C04F79EFBC}") = "Application.Models", "Application.Models\Application.Models.csproj", "{E85EEE4D-C2B2-435B-A054-72DF98A0CFE7}"
EndProject
Project("{FAE04EC0-301F-11D3-BF4B-00C04F79EFBC}") = "Application.Data", "Application.Data\Application.Data.csproj", "{DCCAA587-0266-4231-A224-C490B66A5136}"
EndProject
Global
	GlobalSection(SolutionConfigurationPlatforms) = preSolution
		Debug|Any CPU = Debug|Any CPU
		Release|Any CPU = Release|Any CPU
	EndGlobalSection
	GlobalSection(ProjectConfigurationPlatforms) = postSolution
		{7CA22785-5B7A-46EA-8A05-18ADF633C233}.Debug|Any CPU.ActiveCfg = Debug|Any CPU
		{7CA22785-5B7A-46EA-8A05-18ADF633C233}.Debug|Any CPU.Build.0 = Debug|Any CPU
		{7CA22785-5B7A-46EA-8A05-18ADF633C233}.Release|Any CPU.ActiveCfg = Release|Any CPU
		{7CA22785-5B7A-46EA-8A05-18ADF633C233}.Release|Any CPU.Build.0 = Release|Any CPU
		{E85EEE4D-C2B2-435B-A054-72DF98A0CFE7}.Debug|Any CPU.ActiveCfg = Debug|Any CPU
		{E85EEE4D-C2B2-435B-A054-72DF98A0CFE7}.Debug|Any CPU.Build.0 = Debug|Any CPU
		{E85EEE4D-C2B2-435B-A054-72DF98A0CFE7}.Release|Any CPU.ActiveCfg = Release|Any CPU
		{E85EEE4D-C2B2-435B-A054-72DF98A0CFE7}.Release|Any CPU.Build.0 = Release|Any CPU
		{DCCAA587-0266-4231-A224-C490B66A5136}.Debug|Any CPU.ActiveCfg = Debug|Any CPU
		{DCCAA587-0266-4231-A224-C490B66A5136}.Debug|Any CPU.Build.0 = Debug|Any CPU
		{DCCAA587-0266-4231-A224-C490B66A5136}.Release|Any CPU.ActiveCfg = Release|Any CPU
		{DCCAA587-0266-4231-A224-C490B66A5136}.Release|Any CPU.Build.0 = Release|Any CPU
	EndGlobalSection
	GlobalSection(SolutionProperties) = preSolution
		HideSolutionNode = FALSE
	EndGlobalSection
EndGlobal
