
Microsoft Visual Studio Solution File, Format Version 12.00
# Visual Studio 2012
Project("{FAE04EC0-301F-11D3-BF4B-00C04F79EFBC}") = "01.XMLCatalogCreator", "01.XMLCatalogCreator\01.XMLCatalogCreator.csproj", "{D4FFA1C2-988D-4AD6-BEBF-5A04EF65FF80}"
EndProject
Project("{FAE04EC0-301F-11D3-BF4B-00C04F79EFBC}") = "CatalogData", "Catalog.Data\CatalogData.csproj", "{21118EF4-6A2D-483D-AF64-873D944A129D}"
EndProject
Project("{FAE04EC0-301F-11D3-BF4B-00C04F79EFBC}") = "02.ExtractDifferentArtists", "02.ExtractDifferentArtists\02.ExtractDifferentArtists.csproj", "{CBAC0016-C890-45AF-887B-520C0FF41664}"
EndProject
Project("{FAE04EC0-301F-11D3-BF4B-00C04F79EFBC}") = "03.ExtractArtistsXPath", "03.ExtractArtistsXPath\03.ExtractArtistsXPath.csproj", "{0D40C706-1AE3-4D76-A608-FF4EE9B508D3}"
EndProject
Project("{FAE04EC0-301F-11D3-BF4B-00C04F79EFBC}") = "04.DeleteAlbums", "04.DeleteAlbums\04.DeleteAlbums.csproj", "{47EC66D1-F659-4F10-9182-36658A65FF82}"
EndProject
Project("{FAE04EC0-301F-11D3-BF4B-00C04F79EFBC}") = "05.ExtractSongTitles", "05.ExtractSongTitles\05.ExtractSongTitles.csproj", "{4AB42484-303E-46AE-87A5-65E7A5A11BEB}"
EndProject
Project("{FAE04EC0-301F-11D3-BF4B-00C04F79EFBC}") = "06.ExtractSongsWithLinq", "06.ExtractSongsWithLinq\06.ExtractSongsWithLinq.csproj", "{F6BF6D43-B4D5-4143-B2F7-2EF0543C8496}"
EndProject
Project("{FAE04EC0-301F-11D3-BF4B-00C04F79EFBC}") = "07.CreateXMLFromTextFile", "07.CreateXMLFromTextFile\07.CreateXMLFromTextFile.csproj", "{CCE1B785-F639-4ED1-837A-7638D8C58A15}"
EndProject
Project("{FAE04EC0-301F-11D3-BF4B-00C04F79EFBC}") = "08.CreateXMLfromXML", "08.CreateXMLfromXML\08.CreateXMLfromXML.csproj", "{906C3E49-6D6A-4E59-B76C-09FFD565C8B2}"
EndProject
Project("{FAE04EC0-301F-11D3-BF4B-00C04F79EFBC}") = "09.DirectoryTraversal", "09.DirectoryTraversal\09.DirectoryTraversal.csproj", "{9B047BFB-9FB7-43FD-950B-6BC18EF267E9}"
EndProject
Project("{FAE04EC0-301F-11D3-BF4B-00C04F79EFBC}") = "10.DirTraverseWithXelement", "10.DirTraverseWithXelement\10.DirTraverseWithXelement.csproj", "{601AA51A-6CC2-4D07-91F2-F9417F5E5A4B}"
EndProject
Project("{FAE04EC0-301F-11D3-BF4B-00C04F79EFBC}") = "11.AlbumPricesWithXPath", "11.AlbumPricesWithXPath\11.AlbumPricesWithXPath.csproj", "{45CA2690-DFCA-4DFB-A2CA-A3A91F8ADD75}"
EndProject
Project("{FAE04EC0-301F-11D3-BF4B-00C04F79EFBC}") = "12.GetAlbumPriceWithLINQ", "12.GetAlbumPriceWithLINQ\12.GetAlbumPriceWithLINQ.csproj", "{6122AAD8-64D8-4FCF-8592-50FCEE8439B1}"
EndProject
Project("{2150E333-8FDC-42A3-9474-1A3956D46DE8}") = "Solution Items", "Solution Items", "{FC49CF03-FD79-4CF4-AD04-F865D5986EC9}"
	ProjectSection(SolutionItems) = preProject
		catalogue.html = catalogue.html
		catalogue.xml = catalogue.xml
		catalogue.xsl = catalogue.xsl
	EndProjectSection
EndProject
Project("{FAE04EC0-301F-11D3-BF4B-00C04F79EFBC}") = "14.XMLtoHTML", "14.XMLtoHTML\14.XMLtoHTML.csproj", "{D8AB6231-33EC-43B6-8BCC-C0AB51E456E3}"
EndProject
Global
	GlobalSection(SolutionConfigurationPlatforms) = preSolution
		Debug|Any CPU = Debug|Any CPU
		Release|Any CPU = Release|Any CPU
	EndGlobalSection
	GlobalSection(ProjectConfigurationPlatforms) = postSolution
		{D4FFA1C2-988D-4AD6-BEBF-5A04EF65FF80}.Debug|Any CPU.ActiveCfg = Debug|Any CPU
		{D4FFA1C2-988D-4AD6-BEBF-5A04EF65FF80}.Debug|Any CPU.Build.0 = Debug|Any CPU
		{D4FFA1C2-988D-4AD6-BEBF-5A04EF65FF80}.Release|Any CPU.ActiveCfg = Release|Any CPU
		{D4FFA1C2-988D-4AD6-BEBF-5A04EF65FF80}.Release|Any CPU.Build.0 = Release|Any CPU
		{21118EF4-6A2D-483D-AF64-873D944A129D}.Debug|Any CPU.ActiveCfg = Debug|Any CPU
		{21118EF4-6A2D-483D-AF64-873D944A129D}.Debug|Any CPU.Build.0 = Debug|Any CPU
		{21118EF4-6A2D-483D-AF64-873D944A129D}.Release|Any CPU.ActiveCfg = Release|Any CPU
		{21118EF4-6A2D-483D-AF64-873D944A129D}.Release|Any CPU.Build.0 = Release|Any CPU
		{CBAC0016-C890-45AF-887B-520C0FF41664}.Debug|Any CPU.ActiveCfg = Debug|Any CPU
		{CBAC0016-C890-45AF-887B-520C0FF41664}.Debug|Any CPU.Build.0 = Debug|Any CPU
		{CBAC0016-C890-45AF-887B-520C0FF41664}.Release|Any CPU.ActiveCfg = Release|Any CPU
		{CBAC0016-C890-45AF-887B-520C0FF41664}.Release|Any CPU.Build.0 = Release|Any CPU
		{0D40C706-1AE3-4D76-A608-FF4EE9B508D3}.Debug|Any CPU.ActiveCfg = Debug|Any CPU
		{0D40C706-1AE3-4D76-A608-FF4EE9B508D3}.Debug|Any CPU.Build.0 = Debug|Any CPU
		{0D40C706-1AE3-4D76-A608-FF4EE9B508D3}.Release|Any CPU.ActiveCfg = Release|Any CPU
		{0D40C706-1AE3-4D76-A608-FF4EE9B508D3}.Release|Any CPU.Build.0 = Release|Any CPU
		{47EC66D1-F659-4F10-9182-36658A65FF82}.Debug|Any CPU.ActiveCfg = Debug|Any CPU
		{47EC66D1-F659-4F10-9182-36658A65FF82}.Debug|Any CPU.Build.0 = Debug|Any CPU
		{47EC66D1-F659-4F10-9182-36658A65FF82}.Release|Any CPU.ActiveCfg = Release|Any CPU
		{47EC66D1-F659-4F10-9182-36658A65FF82}.Release|Any CPU.Build.0 = Release|Any CPU
		{4AB42484-303E-46AE-87A5-65E7A5A11BEB}.Debug|Any CPU.ActiveCfg = Debug|Any CPU
		{4AB42484-303E-46AE-87A5-65E7A5A11BEB}.Debug|Any CPU.Build.0 = Debug|Any CPU
		{4AB42484-303E-46AE-87A5-65E7A5A11BEB}.Release|Any CPU.ActiveCfg = Release|Any CPU
		{4AB42484-303E-46AE-87A5-65E7A5A11BEB}.Release|Any CPU.Build.0 = Release|Any CPU
		{F6BF6D43-B4D5-4143-B2F7-2EF0543C8496}.Debug|Any CPU.ActiveCfg = Debug|Any CPU
		{F6BF6D43-B4D5-4143-B2F7-2EF0543C8496}.Debug|Any CPU.Build.0 = Debug|Any CPU
		{F6BF6D43-B4D5-4143-B2F7-2EF0543C8496}.Release|Any CPU.ActiveCfg = Release|Any CPU
		{F6BF6D43-B4D5-4143-B2F7-2EF0543C8496}.Release|Any CPU.Build.0 = Release|Any CPU
		{CCE1B785-F639-4ED1-837A-7638D8C58A15}.Debug|Any CPU.ActiveCfg = Debug|Any CPU
		{CCE1B785-F639-4ED1-837A-7638D8C58A15}.Debug|Any CPU.Build.0 = Debug|Any CPU
		{CCE1B785-F639-4ED1-837A-7638D8C58A15}.Release|Any CPU.ActiveCfg = Release|Any CPU
		{CCE1B785-F639-4ED1-837A-7638D8C58A15}.Release|Any CPU.Build.0 = Release|Any CPU
		{906C3E49-6D6A-4E59-B76C-09FFD565C8B2}.Debug|Any CPU.ActiveCfg = Debug|Any CPU
		{906C3E49-6D6A-4E59-B76C-09FFD565C8B2}.Debug|Any CPU.Build.0 = Debug|Any CPU
		{906C3E49-6D6A-4E59-B76C-09FFD565C8B2}.Release|Any CPU.ActiveCfg = Release|Any CPU
		{906C3E49-6D6A-4E59-B76C-09FFD565C8B2}.Release|Any CPU.Build.0 = Release|Any CPU
		{9B047BFB-9FB7-43FD-950B-6BC18EF267E9}.Debug|Any CPU.ActiveCfg = Debug|Any CPU
		{9B047BFB-9FB7-43FD-950B-6BC18EF267E9}.Debug|Any CPU.Build.0 = Debug|Any CPU
		{9B047BFB-9FB7-43FD-950B-6BC18EF267E9}.Release|Any CPU.ActiveCfg = Release|Any CPU
		{9B047BFB-9FB7-43FD-950B-6BC18EF267E9}.Release|Any CPU.Build.0 = Release|Any CPU
		{601AA51A-6CC2-4D07-91F2-F9417F5E5A4B}.Debug|Any CPU.ActiveCfg = Debug|Any CPU
		{601AA51A-6CC2-4D07-91F2-F9417F5E5A4B}.Debug|Any CPU.Build.0 = Debug|Any CPU
		{601AA51A-6CC2-4D07-91F2-F9417F5E5A4B}.Release|Any CPU.ActiveCfg = Release|Any CPU
		{601AA51A-6CC2-4D07-91F2-F9417F5E5A4B}.Release|Any CPU.Build.0 = Release|Any CPU
		{45CA2690-DFCA-4DFB-A2CA-A3A91F8ADD75}.Debug|Any CPU.ActiveCfg = Debug|Any CPU
		{45CA2690-DFCA-4DFB-A2CA-A3A91F8ADD75}.Debug|Any CPU.Build.0 = Debug|Any CPU
		{45CA2690-DFCA-4DFB-A2CA-A3A91F8ADD75}.Release|Any CPU.ActiveCfg = Release|Any CPU
		{45CA2690-DFCA-4DFB-A2CA-A3A91F8ADD75}.Release|Any CPU.Build.0 = Release|Any CPU
		{6122AAD8-64D8-4FCF-8592-50FCEE8439B1}.Debug|Any CPU.ActiveCfg = Debug|Any CPU
		{6122AAD8-64D8-4FCF-8592-50FCEE8439B1}.Debug|Any CPU.Build.0 = Debug|Any CPU
		{6122AAD8-64D8-4FCF-8592-50FCEE8439B1}.Release|Any CPU.ActiveCfg = Release|Any CPU
		{6122AAD8-64D8-4FCF-8592-50FCEE8439B1}.Release|Any CPU.Build.0 = Release|Any CPU
		{D8AB6231-33EC-43B6-8BCC-C0AB51E456E3}.Debug|Any CPU.ActiveCfg = Debug|Any CPU
		{D8AB6231-33EC-43B6-8BCC-C0AB51E456E3}.Debug|Any CPU.Build.0 = Debug|Any CPU
		{D8AB6231-33EC-43B6-8BCC-C0AB51E456E3}.Release|Any CPU.ActiveCfg = Release|Any CPU
		{D8AB6231-33EC-43B6-8BCC-C0AB51E456E3}.Release|Any CPU.Build.0 = Release|Any CPU
	EndGlobalSection
	GlobalSection(SolutionProperties) = preSolution
		HideSolutionNode = FALSE
	EndGlobalSection
EndGlobal
