
Microsoft Visual Studio Solution File, Format Version 12.00
# Visual Studio 2012
Project("{FAE04EC0-301F-11D3-BF4B-00C04F79EFBC}") = "01.UsingRSSfeed", "01.UsingRSSfeed\01.UsingRSSfeed.csproj", "{801CF229-1A35-44DB-B78C-2BA050705312}"
EndProject
Project("{FAE04EC0-301F-11D3-BF4B-00C04F79EFBC}") = "FeedObjects", "FeedObjects\FeedObjects.csproj", "{21029CC4-D4CB-4DC8-B4C4-27EAEFED3D18}"
EndProject
Global
	GlobalSection(SolutionConfigurationPlatforms) = preSolution
		Debug|Any CPU = Debug|Any CPU
		Release|Any CPU = Release|Any CPU
	EndGlobalSection
	GlobalSection(ProjectConfigurationPlatforms) = postSolution
		{801CF229-1A35-44DB-B78C-2BA050705312}.Debug|Any CPU.ActiveCfg = Debug|Any CPU
		{801CF229-1A35-44DB-B78C-2BA050705312}.Debug|Any CPU.Build.0 = Debug|Any CPU
		{801CF229-1A35-44DB-B78C-2BA050705312}.Release|Any CPU.ActiveCfg = Release|Any CPU
		{801CF229-1A35-44DB-B78C-2BA050705312}.Release|Any CPU.Build.0 = Release|Any CPU
		{21029CC4-D4CB-4DC8-B4C4-27EAEFED3D18}.Debug|Any CPU.ActiveCfg = Debug|Any CPU
		{21029CC4-D4CB-4DC8-B4C4-27EAEFED3D18}.Debug|Any CPU.Build.0 = Debug|Any CPU
		{21029CC4-D4CB-4DC8-B4C4-27EAEFED3D18}.Release|Any CPU.ActiveCfg = Release|Any CPU
		{21029CC4-D4CB-4DC8-B4C4-27EAEFED3D18}.Release|Any CPU.Build.0 = Release|Any CPU
	EndGlobalSection
	GlobalSection(SolutionProperties) = preSolution
		HideSolutionNode = FALSE
	EndGlobalSection
EndGlobal
